
Microsoft Visual Studio Solution File, Format Version 12.00
# Visual Studio 2012
Project("{FAE04EC0-301F-11D3-BF4B-00C04F79EFBC}") = "VuongMinhQuoc", "VuongMinhQuoc\VuongMinhQuoc.csproj", "{A17ECFBA-59B2-40E9-A191-90256A3B14B1}"
EndProject
Global
	GlobalSection(SolutionConfigurationPlatforms) = preSolution
		Debug|Any CPU = Debug|Any CPU
		Release|Any CPU = Release|Any CPU
	EndGlobalSection
	GlobalSection(ProjectConfigurationPlatforms) = postSolution
		{A17ECFBA-59B2-40E9-A191-90256A3B14B1}.Debug|Any CPU.ActiveCfg = Debug|Any CPU
		{A17ECFBA-59B2-40E9-A191-90256A3B14B1}.Debug|Any CPU.Build.0 = Debug|Any CPU
		{A17ECFBA-59B2-40E9-A191-90256A3B14B1}.Release|Any CPU.ActiveCfg = Release|Any CPU
		{A17ECFBA-59B2-40E9-A191-90256A3B14B1}.Release|Any CPU.Build.0 = Release|Any CPU
	EndGlobalSection
	GlobalSection(SolutionProperties) = preSolution
		HideSolutionNode = FALSE
	EndGlobalSection
EndGlobal
